
Microsoft Visual Studio Solution File, Format Version 12.00
# Visual Studio 2013
VisualStudioVersion = 12.0.21005.1
MinimumVisualStudioVersion = 10.0.40219.1
Project("{FAE04EC0-301F-11D3-BF4B-00C04F79EFBC}") = "KeyManager", "KeyManager\KeyManager.csproj", "{DD01448B-1F35-446F-B2D7-7CADE505FBA0}"
EndProject
Project("{2150E333-8FDC-42A3-9474-1A3956D46DE8}") = ".nuget", ".nuget", "{AE7A6A86-9818-4357-AF07-9A96C98DA898}"
	ProjectSection(SolutionItems) = preProject
		.nuget\NuGet.Config = .nuget\NuGet.Config
	EndProjectSection
EndProject
Project("{FAE04EC0-301F-11D3-BF4B-00C04F79EFBC}") = "KeyManager.Tests", "KeyManager.Tests\KeyManager.Tests.csproj", "{93292C88-7BC3-4FE2-84C0-EDEC7B42BCBA}"
EndProject
Global
	GlobalSection(SolutionConfigurationPlatforms) = preSolution
		Debug|Any CPU = Debug|Any CPU
		Release|Any CPU = Release|Any CPU
	EndGlobalSection
	GlobalSection(ProjectConfigurationPlatforms) = postSolution
		{DD01448B-1F35-446F-B2D7-7CADE505FBA0}.Debug|Any CPU.ActiveCfg = Debug|Any CPU
		{DD01448B-1F35-446F-B2D7-7CADE505FBA0}.Debug|Any CPU.Build.0 = Debug|Any CPU
		{DD01448B-1F35-446F-B2D7-7CADE505FBA0}.Release|Any CPU.ActiveCfg = Release|Any CPU
		{DD01448B-1F35-446F-B2D7-7CADE505FBA0}.Release|Any CPU.Build.0 = Release|Any CPU
		{93292C88-7BC3-4FE2-84C0-EDEC7B42BCBA}.Debug|Any CPU.ActiveCfg = Debug|Any CPU
		{93292C88-7BC3-4FE2-84C0-EDEC7B42BCBA}.Debug|Any CPU.Build.0 = Debug|Any CPU
		{93292C88-7BC3-4FE2-84C0-EDEC7B42BCBA}.Release|Any CPU.ActiveCfg = Release|Any CPU
		{93292C88-7BC3-4FE2-84C0-EDEC7B42BCBA}.Release|Any CPU.Build.0 = Release|Any CPU
	EndGlobalSection
	GlobalSection(SolutionProperties) = preSolution
		HideSolutionNode = FALSE
	EndGlobalSection
EndGlobal
